
Microsoft Visual Studio Solution File, Format Version 12.00
# Visual Studio 15
VisualStudioVersion = 15.0.26430.15
MinimumVisualStudioVersion = 10.0.40219.1
Project("{8BC9CEB8-8B4A-11D0-8D11-00A0C91BC942}") = "ScoreProcessor", "ScoreProcessor\ScoreProcessor.vcxproj", "{F88C20A0-D08B-4582-95A7-8620815D4F6D}"
	ProjectSection(ProjectDependencies) = postProject
		{804DF0F3-7BC7-42D4-9382-EEF4064A3DF6} = {804DF0F3-7BC7-42D4-9382-EEF4064A3DF6}
	EndProjectSection
EndProject
Project("{8BC9CEB8-8B4A-11D0-8D11-00A0C91BC942}") = "SProcUnitTests", "SProcUnitTests\SProcUnitTests.vcxproj", "{347630B6-FDC2-49D8-86E8-562E287BD49E}"
EndProject
Project("{8BC9CEB8-8B4A-11D0-8D11-00A0C91BC942}") = "Trainer", "Trainer\Trainer.vcxproj", "{CF03F3BF-60DE-4D9C-9E46-D9B074A097BC}"
EndProject
Project("{8BC9CEB8-8B4A-11D0-8D11-00A0C91BC942}") = "NeuralNetwork", "NeuralNetwork\NeuralNetwork.vcxproj", "{804DF0F3-7BC7-42D4-9382-EEF4064A3DF6}"
EndProject
Global
	GlobalSection(SolutionConfigurationPlatforms) = preSolution
		Debug|x64 = Debug|x64
		Debug|x86 = Debug|x86
		Debugger|x64 = Debugger|x64
		Debugger|x86 = Debugger|x86
		Readme|x64 = Readme|x64
		Readme|x86 = Readme|x86
		Release|x64 = Release|x64
		Release|x86 = Release|x86
		WeakDebug|x64 = WeakDebug|x64
		WeakDebug|x86 = WeakDebug|x86
	EndGlobalSection
	GlobalSection(ProjectConfigurationPlatforms) = postSolution
		{F88C20A0-D08B-4582-95A7-8620815D4F6D}.Debug|x64.ActiveCfg = Debug|x64
		{F88C20A0-D08B-4582-95A7-8620815D4F6D}.Debug|x64.Build.0 = Debug|x64
		{F88C20A0-D08B-4582-95A7-8620815D4F6D}.Debug|x86.ActiveCfg = Debug|Win32
		{F88C20A0-D08B-4582-95A7-8620815D4F6D}.Debug|x86.Build.0 = Debug|Win32
		{F88C20A0-D08B-4582-95A7-8620815D4F6D}.Debugger|x64.ActiveCfg = Debugger|x64
		{F88C20A0-D08B-4582-95A7-8620815D4F6D}.Debugger|x64.Build.0 = Debugger|x64
		{F88C20A0-D08B-4582-95A7-8620815D4F6D}.Debugger|x86.ActiveCfg = Debugger|Win32
		{F88C20A0-D08B-4582-95A7-8620815D4F6D}.Debugger|x86.Build.0 = Debugger|Win32
		{F88C20A0-D08B-4582-95A7-8620815D4F6D}.Readme|x64.ActiveCfg = Readme|x64
		{F88C20A0-D08B-4582-95A7-8620815D4F6D}.Readme|x64.Build.0 = Readme|x64
		{F88C20A0-D08B-4582-95A7-8620815D4F6D}.Readme|x86.ActiveCfg = Readme|Win32
		{F88C20A0-D08B-4582-95A7-8620815D4F6D}.Readme|x86.Build.0 = Readme|Win32
		{F88C20A0-D08B-4582-95A7-8620815D4F6D}.Release|x64.ActiveCfg = Release|x64
		{F88C20A0-D08B-4582-95A7-8620815D4F6D}.Release|x64.Build.0 = Release|x64
		{F88C20A0-D08B-4582-95A7-8620815D4F6D}.Release|x86.ActiveCfg = Release|Win32
		{F88C20A0-D08B-4582-95A7-8620815D4F6D}.Release|x86.Build.0 = Release|Win32
		{F88C20A0-D08B-4582-95A7-8620815D4F6D}.WeakDebug|x64.ActiveCfg = WeakDebug|x64
		{F88C20A0-D08B-4582-95A7-8620815D4F6D}.WeakDebug|x64.Build.0 = WeakDebug|x64
		{F88C20A0-D08B-4582-95A7-8620815D4F6D}.WeakDebug|x86.ActiveCfg = WeakDebug|Win32
		{F88C20A0-D08B-4582-95A7-8620815D4F6D}.WeakDebug|x86.Build.0 = WeakDebug|Win32
		{347630B6-FDC2-49D8-86E8-562E287BD49E}.Debug|x64.ActiveCfg = Debug|x64
		{347630B6-FDC2-49D8-86E8-562E287BD49E}.Debug|x64.Build.0 = Debug|x64
		{347630B6-FDC2-49D8-86E8-562E287BD49E}.Debug|x86.ActiveCfg = Debug|Win32
		{347630B6-FDC2-49D8-86E8-562E287BD49E}.Debug|x86.Build.0 = Debug|Win32
		{347630B6-FDC2-49D8-86E8-562E287BD49E}.Debugger|x64.ActiveCfg = Debugger|x64
		{347630B6-FDC2-49D8-86E8-562E287BD49E}.Debugger|x64.Build.0 = Debugger|x64
		{347630B6-FDC2-49D8-86E8-562E287BD49E}.Debugger|x86.ActiveCfg = Debugger|Win32
		{347630B6-FDC2-49D8-86E8-562E287BD49E}.Debugger|x86.Build.0 = Debugger|Win32
		{347630B6-FDC2-49D8-86E8-562E287BD49E}.Readme|x64.ActiveCfg = Readme|x64
		{347630B6-FDC2-49D8-86E8-562E287BD49E}.Readme|x64.Build.0 = Readme|x64
		{347630B6-FDC2-49D8-86E8-562E287BD49E}.Readme|x86.ActiveCfg = Readme|Win32
		{347630B6-FDC2-49D8-86E8-562E287BD49E}.Readme|x86.Build.0 = Readme|Win32
		{347630B6-FDC2-49D8-86E8-562E287BD49E}.Release|x64.ActiveCfg = Release|x64
		{347630B6-FDC2-49D8-86E8-562E287BD49E}.Release|x64.Build.0 = Release|x64
		{347630B6-FDC2-49D8-86E8-562E287BD49E}.Release|x86.ActiveCfg = Release|Win32
		{347630B6-FDC2-49D8-86E8-562E287BD49E}.Release|x86.Build.0 = Release|Win32
		{347630B6-FDC2-49D8-86E8-562E287BD49E}.WeakDebug|x64.ActiveCfg = Debug|x64
		{347630B6-FDC2-49D8-86E8-562E287BD49E}.WeakDebug|x64.Build.0 = Debug|x64
		{347630B6-FDC2-49D8-86E8-562E287BD49E}.WeakDebug|x86.ActiveCfg = Debug|Win32
		{347630B6-FDC2-49D8-86E8-562E287BD49E}.WeakDebug|x86.Build.0 = Debug|Win32
		{CF03F3BF-60DE-4D9C-9E46-D9B074A097BC}.Debug|x64.ActiveCfg = Debug|x64
		{CF03F3BF-60DE-4D9C-9E46-D9B074A097BC}.Debug|x64.Build.0 = Debug|x64
		{CF03F3BF-60DE-4D9C-9E46-D9B074A097BC}.Debug|x86.ActiveCfg = Debug|Win32
		{CF03F3BF-60DE-4D9C-9E46-D9B074A097BC}.Debug|x86.Build.0 = Debug|Win32
		{CF03F3BF-60DE-4D9C-9E46-D9B074A097BC}.Debugger|x64.ActiveCfg = Debug|x64
		{CF03F3BF-60DE-4D9C-9E46-D9B074A097BC}.Debugger|x64.Build.0 = Debug|x64
		{CF03F3BF-60DE-4D9C-9E46-D9B074A097BC}.Debugger|x86.ActiveCfg = Debug|Win32
		{CF03F3BF-60DE-4D9C-9E46-D9B074A097BC}.Debugger|x86.Build.0 = Debug|Win32
		{CF03F3BF-60DE-4D9C-9E46-D9B074A097BC}.Readme|x64.ActiveCfg = Release|x64
		{CF03F3BF-60DE-4D9C-9E46-D9B074A097BC}.Readme|x64.Build.0 = Release|x64
		{CF03F3BF-60DE-4D9C-9E46-D9B074A097BC}.Readme|x86.ActiveCfg = Release|Win32
		{CF03F3BF-60DE-4D9C-9E46-D9B074A097BC}.Readme|x86.Build.0 = Release|Win32
		{CF03F3BF-60DE-4D9C-9E46-D9B074A097BC}.Release|x64.ActiveCfg = Release|x64
		{CF03F3BF-60DE-4D9C-9E46-D9B074A097BC}.Release|x64.Build.0 = Release|x64
		{CF03F3BF-60DE-4D9C-9E46-D9B074A097BC}.Release|x86.ActiveCfg = Release|Win32
		{CF03F3BF-60DE-4D9C-9E46-D9B074A097BC}.Release|x86.Build.0 = Release|Win32
		{CF03F3BF-60DE-4D9C-9E46-D9B074A097BC}.WeakDebug|x64.ActiveCfg = Debug|x64
		{CF03F3BF-60DE-4D9C-9E46-D9B074A097BC}.WeakDebug|x64.Build.0 = Debug|x64
		{CF03F3BF-60DE-4D9C-9E46-D9B074A097BC}.WeakDebug|x86.ActiveCfg = Debug|Win32
		{CF03F3BF-60DE-4D9C-9E46-D9B074A097BC}.WeakDebug|x86.Build.0 = Debug|Win32
		{804DF0F3-7BC7-42D4-9382-EEF4064A3DF6}.Debug|x64.ActiveCfg = Debug|x64
		{804DF0F3-7BC7-42D4-9382-EEF4064A3DF6}.Debug|x64.Build.0 = Debug|x64
		{804DF0F3-7BC7-42D4-9382-EEF4064A3DF6}.Debug|x86.ActiveCfg = Debug|Win32
		{804DF0F3-7BC7-42D4-9382-EEF4064A3DF6}.Debug|x86.Build.0 = Debug|Win32
		{804DF0F3-7BC7-42D4-9382-EEF4064A3DF6}.Debugger|x64.ActiveCfg = Debug|x64
		{804DF0F3-7BC7-42D4-9382-EEF4064A3DF6}.Debugger|x64.Build.0 = Debug|x64
		{804DF0F3-7BC7-42D4-9382-EEF4064A3DF6}.Debugger|x86.ActiveCfg = Debug|Win32
		{804DF0F3-7BC7-42D4-9382-EEF4064A3DF6}.Debugger|x86.Build.0 = Debug|Win32
		{804DF0F3-7BC7-42D4-9382-EEF4064A3DF6}.Readme|x64.ActiveCfg = Release|x64
		{804DF0F3-7BC7-42D4-9382-EEF4064A3DF6}.Readme|x64.Build.0 = Release|x64
		{804DF0F3-7BC7-42D4-9382-EEF4064A3DF6}.Readme|x86.ActiveCfg = Release|Win32
		{804DF0F3-7BC7-42D4-9382-EEF4064A3DF6}.Readme|x86.Build.0 = Release|Win32
		{804DF0F3-7BC7-42D4-9382-EEF4064A3DF6}.Release|x64.ActiveCfg = Release|x64
		{804DF0F3-7BC7-42D4-9382-EEF4064A3DF6}.Release|x64.Build.0 = Release|x64
		{804DF0F3-7BC7-42D4-9382-EEF4064A3DF6}.Release|x86.ActiveCfg = Release|Win32
		{804DF0F3-7BC7-42D4-9382-EEF4064A3DF6}.Release|x86.Build.0 = Release|Win32
		{804DF0F3-7BC7-42D4-9382-EEF4064A3DF6}.WeakDebug|x64.ActiveCfg = Debug|x64
		{804DF0F3-7BC7-42D4-9382-EEF4064A3DF6}.WeakDebug|x64.Build.0 = Debug|x64
		{804DF0F3-7BC7-42D4-9382-EEF4064A3DF6}.WeakDebug|x86.ActiveCfg = Debug|Win32
		{804DF0F3-7BC7-42D4-9382-EEF4064A3DF6}.WeakDebug|x86.Build.0 = Debug|Win32
	EndGlobalSection
	GlobalSection(SolutionProperties) = preSolution
		HideSolutionNode = FALSE
	EndGlobalSection
	GlobalSection(ExtensibilityGlobals) = postSolution
		SolutionGuid = {FC0E4C2E-F00C-4E66-BC17-CF25596853B1}
	EndGlobalSection
EndGlobal
